
Microsoft Visual Studio Solution File, Format Version 12.00
# Visual Studio Version 16
VisualStudioVersion = 16.0.32929.386
MinimumVisualStudioVersion = 10.0.40219.1
Project("{FAE04EC0-301F-11D3-BF4B-00C04F79EFBC}") = "WebApiStudentsSample", "WebApiStudentsSample.csproj", "{CF65AC50-5280-4E41-9482-1FC937076026}"
EndProject
Global
	GlobalSection(SolutionConfigurationPlatforms) = preSolution
		Debug|Any CPU = Debug|Any CPU
		Release|Any CPU = Release|Any CPU
	EndGlobalSection
	GlobalSection(ProjectConfigurationPlatforms) = postSolution
		{CF65AC50-5280-4E41-9482-1FC937076026}.Debug|Any CPU.ActiveCfg = Debug|Any CPU
		{CF65AC50-5280-4E41-9482-1FC937076026}.Debug|Any CPU.Build.0 = Debug|Any CPU
		{CF65AC50-5280-4E41-9482-1FC937076026}.Release|Any CPU.ActiveCfg = Release|Any CPU
		{CF65AC50-5280-4E41-9482-1FC937076026}.Release|Any CPU.Build.0 = Release|Any CPU
	EndGlobalSection
	GlobalSection(SolutionProperties) = preSolution
		HideSolutionNode = FALSE
	EndGlobalSection
	GlobalSection(ExtensibilityGlobals) = postSolution
		SolutionGuid = {2A4E1EF1-69AF-426F-B5A5-F0164FDF07F3}
	EndGlobalSection
EndGlobal
